{
	"name": "lastfm-api-fixed",
	"version": "1.1.5",
	"lockfileVersion": 1,
	"requires": true,
	"dependencies": {
		"lastfm": {
			"version": "0.8.4",
			"resolved": "https://registry.npmjs.org/lastfm/-/lastfm-0.8.4.tgz",
			"integrity": "sha1-Td3wgpem+iP4TUgnBSoNKC/plog=",
			"requires": {
				"underscore": "1.9.1"
			}
		},
		"underscore": {
			"version": "1.9.1",
			"resolved": "https://registry.npmjs.org/underscore/-/underscore-1.9.1.tgz",
			"integrity": "sha512-5/4etnCkd9c8gwgowi5/om/mYO5ajCaOgdzj/oW+0eQV9WxKBDZw5+ycmKmeaTXjInS/W0BzpGLo2xR2aBwZdg=="
		}
	}
}
